Microsoft Visual Studio Solution File, Format Version 12.00
# Visual Studio Version 17
VisualStudioVersion = 17.5.2.0
MinimumVisualStudioVersion = 10.0.40219.1
Project("{FAE04EC0-301F-11D3-BF4B-00C04F79EFBC}") = "GIFleziPT.App", "GIFleziPT.App.csproj", "{23783D90-FB12-939E-1745-27458606E92B}"
EndProject
Global
	GlobalSection(SolutionConfigurationPlatforms) = preSolution
		Debug|Any CPU = Debug|Any CPU
		Release|Any CPU = Release|Any CPU
	EndGlobalSection
	GlobalSection(ProjectConfigurationPlatforms) = postSolution
		{23783D90-FB12-939E-1745-27458606E92B}.Debug|Any CPU.ActiveCfg = Debug|Any CPU
		{23783D90-FB12-939E-1745-27458606E92B}.Debug|Any CPU.Build.0 = Debug|Any CPU
		{23783D90-FB12-939E-1745-27458606E92B}.Release|Any CPU.ActiveCfg = Release|Any CPU
		{23783D90-FB12-939E-1745-27458606E92B}.Release|Any CPU.Build.0 = Release|Any CPU
	EndGlobalSection
	GlobalSection(SolutionProperties) = preSolution
		HideSolutionNode = FALSE
	EndGlobalSection
	GlobalSection(ExtensibilityGlobals) = postSolution
		SolutionGuid = {1AF0AEF9-4026-4622-B462-51A36D602020}
	EndGlobalSection
EndGlobal
